{
    "_meta": {
        "hash": {
            "sha256": "eb18f5b35c0db17786f1e54b18229faa38d3247a49eecfd06819e9c05ff9adfb"
        },
        "pipfile-spec": 6,
        "requires": {
            "python_full_version": "3.9.0",
            "python_version": "3.9"
        },
        "sources": [
            {
                "name": "pypi",
                "url": "https://pypi.org/simple",
                "verify_ssl": true
            }
        ]
    },
    "default": {
        "click": {
            "hashes": [
                "sha256:7682dc8afb30297001674575ea00d1814d808d6a36af415a82bd481d37ba7b8e",
                "sha256:bb4d8133cb15a609f44e8213d9b391b0809795062913b383c62be0ee95b1db48"
            ],
            "markers": "python_version >= '3.7'",
            "version": "==8.1.3"
        },
        "flask": {
            "hashes": [
                "sha256:642c450d19c4ad482f96729bd2a8f6d32554aa1e231f4f6b4e7e5264b16cca2b",
                "sha256:b9c46cc36662a7949f34b52d8ec7bb59c0d74ba08ba6cb9ce9adc1d8676d9526"
            ],
            "index": "pypi",
            "version": "==2.2.2"
        },
        "flask-login": {
            "hashes": [
                "sha256:1ef79843f5eddd0f143c2cd994c1b05ac83c0401dc6234c143495af9a939613f",
                "sha256:c0a7baa9fdc448cdd3dd6f0939df72eec5177b2f7abe6cb82fc934d29caac9c3"
            ],
            "index": "pypi",
            "version": "==0.6.2"
        },
        "flask-sqlalchemy": {
            "hashes": [
                "sha256:2764335f3c9d7ebdc9ed6044afaf98aae9fa50d7a074cef55dde307ec95903ec",
                "sha256:add5750b2f9cd10512995261ee2aa23fab85bd5626061aa3c564b33bb4aa780a"
            ],
            "index": "pypi",
            "version": "==3.0.3"
        },
        "greenlet": {
            "hashes": [
                "sha256:03a8f4f3430c3b3ff8d10a2a86028c660355ab637cee9333d63d66b56f09d52a",
                "sha256:0bf60faf0bc2468089bdc5edd10555bab6e85152191df713e2ab1fcc86382b5a",
                "sha256:18a7f18b82b52ee85322d7a7874e676f34ab319b9f8cce5de06067384aa8ff43",
                "sha256:18e98fb3de7dba1c0a852731c3070cf022d14f0d68b4c87a19cc1016f3bb8b33",
                "sha256:1a819eef4b0e0b96bb0d98d797bef17dc1b4a10e8d7446be32d1da33e095dbb8",
                "sha256:26fbfce90728d82bc9e6c38ea4d038cba20b7faf8a0ca53a9c07b67318d46088",
                "sha256:2780572ec463d44c1d3ae850239508dbeb9fed38e294c68d19a24d925d9223ca",
                "sha256:283737e0da3f08bd637b5ad058507e578dd462db259f7f6e4c5c365ba4ee9343",
                "sha256:2d4686f195e32d36b4d7cf2d166857dbd0ee9f3d20ae349b6bf8afc8485b3645",
                "sha256:2dd11f291565a81d71dab10b7033395b7a3a5456e637cf997a6f33ebdf06f8db",
                "sha256:30bcf80dda7f15ac77ba5af2b961bdd9dbc77fd4ac6105cee85b0d0a5fcf74df",
                "sha256:32e5b64b148966d9cccc2c8d35a671409e45f195864560829f395a54226408d3",
                "sha256:36abbf031e1c0f79dd5d596bfaf8e921c41df2bdf54ee1eed921ce1f52999a86",
                "sha256:3a06ad5312349fec0ab944664b01d26f8d1f05009566339ac6f63f56589bc1a2",
                "sha256:3a51c9751078733d88e013587b108f1b7a1fb106d402fb390740f002b6f6551a",
                "sha256:3c9b12575734155d0c09d6c3e10dbd81665d5c18e1a7c6597df72fd05990c8cf",
                "sha256:3f6ea9bd35eb450837a3d80e77b517ea5bc56b4647f5502cd28de13675ee12f7",
                "sha256:4b58adb399c4d61d912c4c331984d60eb66565175cdf4a34792cd9600f21b394",
                "sha256:4d2e11331fc0c02b6e84b0d28ece3a36e0548ee1a1ce9ddde03752d9b79bba40",
                "sha256:5454276c07d27a740c5892f4907c86327b632127dd9abec42ee62e12427ff7e3",
                "sha256:561091a7be172ab497a3527602d467e2b3fbe75f9e783d8b8ce403fa414f71a6",
                "sha256:6c3acb79b0bfd4fe733dff8bc62695283b57949ebcca05ae5c129eb606ff2d74",
                "sha256:703f18f3fda276b9a916f0934d2fb6d989bf0b4fb5a64825260eb9bfd52d78f0",
                "sha256:7492e2b7bd7c9b9916388d9df23fa49d9b88ac0640db0a5b4ecc2b653bf451e3",
                "sha256:76ae285c8104046b3a7f06b42f29c7b73f77683df18c49ab5af7983994c2dd91",
                "sha256:7cafd1208fdbe93b67c7086876f061f660cfddc44f404279c1585bbf3cdc64c5",
                "sha256:7efde645ca1cc441d6dc4b48c0f7101e8d86b54c8530141b09fd31cef5149ec9",
                "sha256:88d9ab96491d38a5ab7c56dd7a3cc37d83336ecc564e4e8816dbed12e5aaefc8",
                "sha256:8eab883b3b2a38cc1e050819ef06a7e6344d4a990d24d45bc6f2cf959045a45b",
                "sha256:910841381caba4f744a44bf81bfd573c94e10b3045ee00de0cbf436fe50673a6",
                "sha256:9190f09060ea4debddd24665d6804b995a9c122ef5917ab26e1566dcc712ceeb",
                "sha256:937e9020b514ceedb9c830c55d5c9872abc90f4b5862f89c0887033ae33c6f73",
                "sha256:94c817e84245513926588caf1152e3b559ff794d505555211ca041f032abbb6b",
                "sha256:971ce5e14dc5e73715755d0ca2975ac88cfdaefcaab078a284fea6cfabf866df",
                "sha256:9d14b83fab60d5e8abe587d51c75b252bcc21683f24699ada8fb275d7712f5a9",
                "sha256:9f35ec95538f50292f6d8f2c9c9f8a3c6540bbfec21c9e5b4b751e0a7c20864f",
                "sha256:a1846f1b999e78e13837c93c778dcfc3365902cfb8d1bdb7dd73ead37059f0d0",
                "sha256:acd2162a36d3de67ee896c43effcd5ee3de247eb00354db411feb025aa319857",
                "sha256:b0ef99cdbe2b682b9ccbb964743a6aca37905fda5e0452e5ee239b1654d37f2a",
                "sha256:b80f600eddddce72320dbbc8e3784d16bd3fb7b517e82476d8da921f27d4b249",
                "sha256:b864ba53912b6c3ab6bcb2beb19f19edd01a6bfcbdfe1f37ddd1778abfe75a30",
                "sha256:b9ec052b06a0524f0e35bd8790686a1da006bd911dd1ef7d50b77bfbad74e292",
                "sha256:ba2956617f1c42598a308a84c6cf021a90ff3862eddafd20c3333d50f0edb45b",
                "sha256:bdfea8c661e80d3c1c99ad7c3ff74e6e87184895bbaca6ee8cc61209f8b9b85d",
                "sha256:be4ed120b52ae4d974aa40215fcdfde9194d63541c7ded40ee12eb4dda57b76b",
                "sha256:c4302695ad8027363e96311df24ee28978162cdcdd2006476c43970b384a244c",
                "sha256:c48f54ef8e05f04d6eff74b8233f6063cb1ed960243eacc474ee73a2ea8573ca",
                "sha256:c9c59a2120b55788e800d82dfa99b9e156ff8f2227f07c5e3012a45a399620b7",
                "sha256:cd021c754b162c0fb55ad5d6b9d960db667faad0fa2ff25bb6e1301b0b6e6a75",
                "sha256:d27ec7509b9c18b6d73f2f5ede2622441de812e7b1a80bbd446cb0633bd3d5ae",
                "sha256:d5508f0b173e6aa47273bdc0a0b5ba055b59662ba7c7ee5119528f466585526b",
                "sha256:d75209eed723105f9596807495d58d10b3470fa6732dd6756595e89925ce2470",
                "sha256:db1a39669102a1d8d12b57de2bb7e2ec9066a6f2b3da35ae511ff93b01b5d564",
                "sha256:dbfcfc0218093a19c252ca8eb9aee3d29cfdcb586df21049b9d777fd32c14fd9",
                "sha256:e0f72c9ddb8cd28532185f54cc1453f2c16fb417a08b53a855c4e6a418edd099",
                "sha256:e7c8dc13af7db097bed64a051d2dd49e9f0af495c26995c00a9ee842690d34c0",
                "sha256:ea9872c80c132f4663822dd2a08d404073a5a9b5ba6155bea72fb2a79d1093b5",
                "sha256:eff4eb9b7eb3e4d0cae3d28c283dc16d9bed6b193c2e1ace3ed86ce48ea8df19",
                "sha256:f82d4d717d8ef19188687aa32b8363e96062911e63ba22a0cff7802a8e58e5f1",
                "sha256:fc3a569657468b6f3fb60587e48356fe512c1754ca05a564f11366ac9e306526"
            ],
            "markers": "platform_machine == 'aarch64' or (platform_machine == 'ppc64le' or (platform_machine == 'x86_64' or (platform_machine == 'amd64' or (platform_machine == 'AMD64' or (platform_machine == 'win32' or platform_machine == 'WIN32')))))",
            "version": "==2.0.2"
        },
        "importlib-metadata": {
            "hashes": [
                "sha256:7efb448ec9a5e313a57655d35aa54cd3e01b7e1fbcf72dce1bf06119420f5bad",
                "sha256:e354bedeb60efa6affdcc8ae121b73544a7aa74156d047311948f6d711cd378d"
            ],
            "markers": "python_version < '3.10'",
            "version": "==6.0.0"
        },
        "itsdangerous": {
            "hashes": [
                "sha256:2c2349112351b88699d8d4b6b075022c0808887cb7ad10069318a8b0bc88db44",
                "sha256:5dbbc68b317e5e42f327f9021763545dc3fc3bfe22e6deb96aaf1fc38874156a"
            ],
            "markers": "python_version >= '3.7'",
            "version": "==2.1.2"
        },
        "jinja2": {
            "hashes": [
                "sha256:31351a702a408a9e7595a8fc6150fc3f43bb6bf7e319770cbc0db9df9437e852",
                "sha256:6088930bfe239f0e6710546ab9c19c9ef35e29792895fed6e6e31a023a182a61"
            ],
            "markers": "python_version >= '3.7'",
            "version": "==3.1.2"
        },
        "markupsafe": {
            "hashes": [
                "sha256:0576fe974b40a400449768941d5d0858cc624e3249dfd1e0c33674e5c7ca7aed",
                "sha256:085fd3201e7b12809f9e6e9bc1e5c96a368c8523fad5afb02afe3c051ae4afcc",
                "sha256:090376d812fb6ac5f171e5938e82e7f2d7adc2b629101cec0db8b267815c85e2",
                "sha256:0b462104ba25f1ac006fdab8b6a01ebbfbce9ed37fd37fd4acd70c67c973e460",
                "sha256:137678c63c977754abe9086a3ec011e8fd985ab90631145dfb9294ad09c102a7",
                "sha256:1bea30e9bf331f3fef67e0a3877b2288593c98a21ccb2cf29b74c581a4eb3af0",
                "sha256:22152d00bf4a9c7c83960521fc558f55a1adbc0631fbb00a9471e097b19d72e1",
                "sha256:22731d79ed2eb25059ae3df1dfc9cb1546691cc41f4e3130fe6bfbc3ecbbecfa",
                "sha256:2298c859cfc5463f1b64bd55cb3e602528db6fa0f3cfd568d3605c50678f8f03",
                "sha256:28057e985dace2f478e042eaa15606c7efccb700797660629da387eb289b9323",
                "sha256:2e7821bffe00aa6bd07a23913b7f4e01328c3d5cc0b40b36c0bd81d362faeb65",
                "sha256:2ec4f2d48ae59bbb9d1f9d7efb9236ab81429a764dedca114f5fdabbc3788013",
                "sha256:340bea174e9761308703ae988e982005aedf427de816d1afe98147668cc03036",
                "sha256:40627dcf047dadb22cd25ea7ecfe9cbf3bbbad0482ee5920b582f3809c97654f",
                "sha256:40dfd3fefbef579ee058f139733ac336312663c6706d1163b82b3003fb1925c4",
                "sha256:4cf06cdc1dda95223e9d2d3c58d3b178aa5dacb35ee7e3bbac10e4e1faacb419",
                "sha256:50c42830a633fa0cf9e7d27664637532791bfc31c731a87b202d2d8ac40c3ea2",
                "sha256:55f44b440d491028addb3b88f72207d71eeebfb7b5dbf0643f7c023ae1fba619",
                "sha256:608e7073dfa9e38a85d38474c082d4281f4ce276ac0010224eaba11e929dd53a",
                "sha256:63ba06c9941e46fa389d389644e2d8225e0e3e5ebcc4ff1ea8506dce646f8c8a",
                "sha256:65608c35bfb8a76763f37036547f7adfd09270fbdbf96608be2bead319728fcd",
                "sha256:665a36ae6f8f20a4676b53224e33d456a6f5a72657d9c83c2aa00765072f31f7",
                "sha256:6d6607f98fcf17e534162f0709aaad3ab7a96032723d8ac8750ffe17ae5a0666",
                "sha256:7313ce6a199651c4ed9d7e4cfb4aa56fe923b1adf9af3b420ee14e6d9a73df65",
                "sha256:7668b52e102d0ed87cb082380a7e2e1e78737ddecdde129acadb0eccc5423859",
                "sha256:7df70907e00c970c60b9ef2938d894a9381f38e6b9db73c5be35e59d92e06625",
                "sha256:7e007132af78ea9df29495dbf7b5824cb71648d7133cf7848a2a5dd00d36f9ff",
                "sha256:835fb5e38fd89328e9c81067fd642b3593c33e1e17e2fdbf77f5676abb14a156",
                "sha256:8bca7e26c1dd751236cfb0c6c72d4ad61d986e9a41bbf76cb445f69488b2a2bd",
                "sha256:8db032bf0ce9022a8e41a22598eefc802314e81b879ae093f36ce9ddf39ab1ba",
                "sha256:99625a92da8229df6d44335e6fcc558a5037dd0a760e11d84be2260e6f37002f",
                "sha256:9cad97ab29dfc3f0249b483412c85c8ef4766d96cdf9dcf5a1e3caa3f3661cf1",
                "sha256:a4abaec6ca3ad8660690236d11bfe28dfd707778e2442b45addd2f086d6ef094",
                "sha256:a6e40afa7f45939ca356f348c8e23048e02cb109ced1eb8420961b2f40fb373a",
                "sha256:a6f2fcca746e8d5910e18782f976489939d54a91f9411c32051b4aab2bd7c513",
                "sha256:a806db027852538d2ad7555b203300173dd1b77ba116de92da9afbc3a3be3eed",
                "sha256:abcabc8c2b26036d62d4c746381a6f7cf60aafcc653198ad678306986b09450d",
                "sha256:b8526c6d437855442cdd3d87eede9c425c4445ea011ca38d937db299382e6fa3",
                "sha256:bb06feb762bade6bf3c8b844462274db0c76acc95c52abe8dbed28ae3d44a147",
                "sha256:c0a33bc9f02c2b17c3ea382f91b4db0e6cde90b63b296422a939886a7a80de1c",
                "sha256:c4a549890a45f57f1ebf99c067a4ad0cb423a05544accaf2b065246827ed9603",
                "sha256:ca244fa73f50a800cf8c3ebf7fd93149ec37f5cb9596aa8873ae2c1d23498601",
                "sha256:cf877ab4ed6e302ec1d04952ca358b381a882fbd9d1b07cccbfd61783561f98a",
                "sha256:d9d971ec1e79906046aa3ca266de79eac42f1dbf3612a05dc9368125952bd1a1",
                "sha256:da25303d91526aac3672ee6d49a2f3db2d9502a4a60b55519feb1a4c7714e07d",
                "sha256:e55e40ff0cc8cc5c07996915ad367fa47da6b3fc091fdadca7f5403239c5fec3",
                "sha256:f03a532d7dee1bed20bc4884194a16160a2de9ffc6354b3878ec9682bb623c54",
                "sha256:f1cd098434e83e656abf198f103a8207a8187c0fc110306691a2e94a78d0abb2",
                "sha256:f2bfb563d0211ce16b63c7cb9395d2c682a23187f54c3d79bfec33e6705473c6",
                "sha256:f8ffb705ffcf5ddd0e80b65ddf7bed7ee4f5a441ea7d3419e861a12eaf41af58"
            ],
            "markers": "python_version >= '3.7'",
            "version": "==2.1.2"
        },
        "mysql-connector-python": {
            "hashes": [
                "sha256:145aeb75eefb7425e0a7fb36a4f95ebfe79e06be7c69a4045d34cde95c666dc4",
                "sha256:1c0a11f3ffbf850f2ca7b39e6c82021e8de910ddaeffd856e53dca028d21c923",
                "sha256:1f399f3c2599d2591854cd0e0a24c7c399dff21ac5accb6e52e06924de29f3f4",
                "sha256:232095f0c36266510009b0f1214d2823a649efb8bc511dbab9ce8847f66ab08a",
                "sha256:283fe6f647e9d684feb1b7c48fa6a46b1e72c59ecdd6ea2b62392cd80c1a6701",
                "sha256:4b2d00c9e2cb9e3d11c57ec411226f43aa627607085fbed661cfea1c4dc57f61",
                "sha256:4df11c683924ef34c177a54887dc4844ae735b01c8a29ce6ab92d6d3db7a2757",
                "sha256:677b5c6dcaec7e2a4bf95b991a869f4d371114f69a0d9a5bb236e988c8f4c376",
                "sha256:6cdba2779bcd16af0ceff0a6e50d33e6664a83f8d17d70524beb6f677a6d1fae",
                "sha256:7f7a69db9e0c36764a6c65377f6174aee46e484520e48659e7aa674415b8e192",
                "sha256:8c334c41cd1c5bcfa3550340253ef7d9d3b962211f33327c20f69706a0bcce06",
                "sha256:8c5bfedc979d7858402f39c20d66a6cf03ca4c960732a98318126c278535ddb2",
                "sha256:93b1eb3e07d19a23ccf2605d818aacee0d842b1820bbeef8d0022d8d3d014ab9",
                "sha256:992b7a464daa398e86df8c75f7d8cd6044f884ff9087e782120fc8beff96c638",
                "sha256:ab13dd6ede0e0e99ba97c73946462c3420625ab6e63fe13b6fc350e30eb3298d",
                "sha256:bd52a462759aa324a60054c4b44dc8b32007187a328f72be6b58f193d5e32a91",
                "sha256:bdd716b1e162fe4b3887f6617e9ddcfa659ba96a9ddb22feeae208a72f43d22f",
                "sha256:be82357cc7e7e1377e2f4f8c18aa89c8aab6c0117155cf9fcf18e3cd0eb6ac8e",
                "sha256:c2d20b29fd096a0633f9360c275bd2434d4bcf597281991c4b7f1c820cd07b84",
                "sha256:c8bba02501525e1fbbba094a6d8d391d1534e8be41be6396c3e1b9f7d9d13b1c",
                "sha256:c990f4c0702d1739076261c4dece1042e1eb18bf34e0d8516d19ec5166a205ce",
                "sha256:d6b54656ca131a4f0f17b9d0adddc60f84fd982d64e06360026d5b06e5dbf865",
                "sha256:e0299236297b63bf6cbb61d81a9d400bc01cad4743d1abe5296ef349de15ee53",
                "sha256:e722b6ffa5b0d7188eebac792b18bc871643db505bf60d0e6bd2859f31e5ed79",
                "sha256:fd233c83daaf048c1f9827be984c2721576ae0adf50e139429a06ccd094987d9"
            ],
            "index": "pypi",
            "version": "==8.0.32"
        },
        "protobuf": {
            "hashes": [
                "sha256:03038ac1cfbc41aa21f6afcbcd357281d7521b4157926f30ebecc8d4ea59dcb7",
                "sha256:28545383d61f55b57cf4df63eebd9827754fd2dc25f80c5253f9184235db242c",
                "sha256:2e3427429c9cffebf259491be0af70189607f365c2f41c7c3764af6f337105f2",
                "sha256:398a9e0c3eaceb34ec1aee71894ca3299605fa8e761544934378bbc6c97de23b",
                "sha256:44246bab5dd4b7fbd3c0c80b6f16686808fab0e4aca819ade6e8d294a29c7050",
                "sha256:447d43819997825d4e71bf5769d869b968ce96848b6479397e29fc24c4a5dfe9",
                "sha256:67a3598f0a2dcbc58d02dd1928544e7d88f764b47d4a286202913f0b2801c2e7",
                "sha256:74480f79a023f90dc6e18febbf7b8bac7508420f2006fabd512013c0c238f454",
                "sha256:819559cafa1a373b7096a482b504ae8a857c89593cf3a25af743ac9ecbd23480",
                "sha256:899dc660cd599d7352d6f10d83c95df430a38b410c1b66b407a6b29265d66469",
                "sha256:8c0c984a1b8fef4086329ff8dd19ac77576b384079247c770f29cc8ce3afa06c",
                "sha256:9aae4406ea63d825636cc11ffb34ad3379335803216ee3a856787bcf5ccc751e",
                "sha256:a7ca6d488aa8ff7f329d4c545b2dbad8ac31464f1d8b1c87ad1346717731e4db",
                "sha256:b6cc7ba72a8850621bfec987cb72623e703b7fe2b9127a161ce61e61558ad905",
                "sha256:bf01b5720be110540be4286e791db73f84a2b721072a3711efff6c324cdf074b",
                "sha256:c02ce36ec760252242a33967d51c289fd0e1c0e6e5cc9397e2279177716add86",
                "sha256:d9e4432ff660d67d775c66ac42a67cf2453c27cb4d738fc22cb53b5d84c135d4",
                "sha256:daa564862dd0d39c00f8086f88700fdbe8bc717e993a21e90711acfed02f2402",
                "sha256:de78575669dddf6099a8a0f46a27e82a1783c557ccc38ee620ed8cc96d3be7d7",
                "sha256:e64857f395505ebf3d2569935506ae0dfc4a15cb80dc25261176c784662cdcc4",
                "sha256:f4bd856d702e5b0d96a00ec6b307b0f51c1982c2bf9c0052cf9019e9a544ba99",
                "sha256:f4c42102bc82a51108e449cbb32b19b180022941c727bac0cfd50170341f16ee"
            ],
            "markers": "python_version >= '3.7'",
            "version": "==3.20.3"
        },
        "sqlalchemy": {
            "hashes": [
                "sha256:004459a78d376ab9c79ac1b613e0f0d44e88a105e4232357d0c7fa4c7b7e3a49",
                "sha256:061c7be6b7042f298187e39528c85b4de233361412c88de9fba62a3ee727eb71",
                "sha256:0666025f44119bd18e1c5ceb536422356dc176d3230a13979ab2a7dd5d24b899",
                "sha256:0c6c556e01b0bbaea85ce030af4347e47fcb695c3254cfd480099ec1ed6ea609",
                "sha256:1a9d46844f4c88dc6cbfcabc6985beebd34661ef3b0e75c216a6428939fb3669",
                "sha256:27e8a5359c6227f3d665b1556169de840b375cf055c800a9bc27ed33f3c51e1b",
                "sha256:293c51d60da2ad52fb88d3f2357ff7ac3c156c5cb81feadd8258d45ebeea0a65",
                "sha256:301f5fb0718e000d47db6ebcee64de91fa94865d7b59872258ba36e4eafbfe8f",
                "sha256:3381fa42e2b388abf448800cf550bbf174eff41f6c57b362077db142417d2922",
                "sha256:35765bf1ff823d05cf9c4eb18ba2db2290b2a2e2196d1a1d06d714ea55c1b997",
                "sha256:38ab55db6ce10c1ab2424d1dfed0add6e6afdeb1c65cec776ac6a01c1fb2f90a",
                "sha256:3b79ab1b7f5c39050daa03c100115efa2d8f996f14bc33cc9535cb60ca8357c4",
                "sha256:43482b8f0bed711b3769037e86c45619370bf529aee605975586fdd80ee770a0",
                "sha256:4b1f661cc378d61f495af49d8af83f779bb802046394e63ab1269b4180fceba0",
                "sha256:55a72010983b655a638ea318b4efa30b04b001c158298ceb47fbf5da296092b0",
                "sha256:5d34374993910d4520681b7b95ea60e05aa18a8ef7d36ffa94bde87730f6426d",
                "sha256:5e8baa4e421136a582f5d9d262ce568ce3eb413d3455650c34d674e5a9f092aa",
                "sha256:6282a712dbcfd86e3fee2e4c459c7337141f774450f60809fd0f0edebd07f37a",
                "sha256:8a3bd94c7d04fed688ba333bfb5a0106800112b9f623aed1e5b0b6466e8c5c66",
                "sha256:8f3e9b71425af186fa51ab0d6172ef81809eb0e9f89b035612a913f8a9b44e4b",
                "sha256:90550ff7a96143579472a93aff6dae0999316528ce0f3165083f93d036e313bf",
                "sha256:92dc029273615ffbb40fa0e1cc8190618f1603ad98b1ad59d57078f1feb969b9",
                "sha256:9a9205379388e57c486244e285d5d5c047ef9241bd4238e9469a4873b75d1e4a",
                "sha256:9e28dc39dd739f48d38486811f5a703673ed11e5968402fff835e60cbf379833",
                "sha256:abeb371ff47633c7d16b1e1e56e3d41a9b0ab34463c1726f22e1b68401d28cac",
                "sha256:afd9326886d424616f6c1b90d99b58c8a99c51f4515c8f8550830f9d4ac04ef3",
                "sha256:b0323d65b4cd9408261026495a650566d62d056adeb848d1f1f8be0da38a1e0a",
                "sha256:b80ddc3bf6088ce83437cdfb2e32099b82a2819c409c85b782a84aa1143f8eda",
                "sha256:ba1ec69fa7abb23c2bc9fcd10b3386ea1f62f9d558b7f3a749988374e6cb6ee5",
                "sha256:bfac4cb8585d7c5b06567c754e999410eb12248f8ce2474dc2d9bc53be1fba0c",
                "sha256:c7892245a79d612e163d2ce72b1e77c863840f7453e9469f6dd3e6b9ded67739",
                "sha256:d561e44c0b480b7e74fa002bea949c9f5aff555724f4d10883391cbd8790c81b",
                "sha256:d8efcdfe08efd12ee91f5e858adb34a0a73071a95c09c47303a656a9bac3b93b",
                "sha256:dd3595576c6cdfd91eb1aaa18f542e9db87b5a5f3552573892d37d91102fd951",
                "sha256:e4d3cf5352f724237e27463de4bf19888235342af2efa37ef1cd391d8b702a16",
                "sha256:ebf6fe4cfd3b79f582b750b7ba69ba779d3fc7498818f8251dc6d38f5d5e206f",
                "sha256:edf1a0cfd9979a805ad0d725e436d6460a5b44afc7de0ffae3321a9d2afeff54",
                "sha256:f2acafb0ef17d591a13621581b5d1abddb3dd25f601f368173135922915f56cd",
                "sha256:f91a4d0815fa9d236380a27762f7bd1304631605b8e2aa75b6b7d03343fd8fe8",
                "sha256:fc486297fe7f1465a2baac371d2153643a34ea1af803b68443bc359cfdc2bbcf",
                "sha256:fec1aebc9256b02a59e8a69d4b7aa2299e04e7b51bb4fd11daaba5df1ad592c7"
            ],
            "markers": "python_version >= '3.7'",
            "version": "==2.0.2"
        },
        "typing-extensions": {
            "hashes": [
                "sha256:1511434bb92bf8dd198c12b1cc812e800d4181cfcb867674e0f8279cc93087aa",
                "sha256:16fa4864408f655d35ec496218b85f79b3437c829e93320c7c9215ccfd92489e"
            ],
            "markers": "python_version >= '3.7'",
            "version": "==4.4.0"
        },
        "werkzeug": {
            "hashes": [
                "sha256:7ea2d48322cc7c0f8b3a215ed73eabd7b5d75d0b50e31ab006286ccff9e00b8f",
                "sha256:f979ab81f58d7318e064e99c4506445d60135ac5cd2e177a2de0089bfd4c9bd5"
            ],
            "markers": "python_version >= '3.7'",
            "version": "==2.2.2"
        },
        "zipp": {
            "hashes": [
                "sha256:6c4fe274b8f85ec73c37a8e4e3fa00df9fb9335da96fb789e3b96b318e5097b3",
                "sha256:a3cac813d40993596b39ea9e93a18e8a2076d5c378b8bc88ec32ab264e04ad02"
            ],
            "markers": "python_version >= '3.7'",
            "version": "==3.12.1"
        }
    },
    "develop": {}
}
